<?xml version="1.0" encoding="utf-8"?>
<Project ToolsVersion="4.0" xmlns="http://schemas.microsoft.com/developer/msbuild/2003">
  <ItemGroup>
    <Filter Include="Source Files">
      <UniqueIdentifier>{4FC737F1-C7A5-4376-A066-2A32D752A2FF}</UniqueIdentifier>
      <Extensions>cpp;c;cc;cxx;c++;cppm;ixx;def;odl;idl;hpj;bat;asm;asmx</Extensions>
    </Filter>
    <Filter Include="GameAPI">
      <UniqueIdentifier>{2b00ea04-a1d3-4639-b021-f84d63a0646a}</UniqueIdentifier>
    </Filter>
    <Filter Include="Source Files\Objects">
      <UniqueIdentifier>{9ea60711-b902-46e4-a0fd-554f746f5f71}</UniqueIdentifier>
    </Filter>
  </ItemGroup>
  <ItemGroup>
    <ClCompile Include="..\GameAPI\CPP\GameAPI\Game.cpp">
      <Filter>GameAPI</Filter>
    </ClCompile>
    <ClCompile Include="PongGameAPI.cpp">
      <Filter>Source Files</Filter>
    </ClCompile>
  </ItemGroup>
  <ItemGroup>
    <ClInclude Include="..\GameAPI\CPP\GameAPI\Game.hpp">
      <Filter>GameAPI</Filter>
    </ClInclude>
    <ClInclude Include="..\GameAPI\CPP\GameAPI\GameObjects.hpp">
      <Filter>GameAPI</Filter>
    </ClInclude>
    <ClInclude Include="..\GameAPI\CPP\GameAPI\GameVariables.hpp">
      <Filter>GameAPI</Filter>
    </ClInclude>
    <ClInclude Include="PongGameAPI.hpp">
      <Filter>Source Files</Filter>
    </ClInclude>
  </ItemGroup>
</Project>